// !$*UTF8*$!
{
	archiveVersion = 1;
	classes = {
	};
	objectVersion = 48;
	objects = {

/* Begin PBXBuildFile section */
		E763BFA22016D05900681A98 /* AppDelegate.swift in Sources */ = {isa = PBXBuildFile; fileRef = E763BFA12016D05900681A98 /* AppDelegate.swift */; };
		E763BFA42016D05900681A98 /* ViewController.swift in Sources */ = {isa = PBXBuildFile; fileRef = E763BFA32016D05900681A98 /* ViewController.swift */; };
		E763BFA72016D05900681A98 /* Main.storyboard in Resources */ = {isa = PBXBuildFile; fileRef = E763BFA52016D05900681A98 /* Main.storyboard */; };
		E763BFAA2016D05900681A98 /* Binary_Counter.xcdatamodeld in Sources */ = {isa = PBXBuildFile; fileRef = E763BFA82016D05900681A98 /* Binary_Counter.xcdatamodeld */; };
		E763BFAC2016D05900681A98 /* Assets.xcassets in Resources */ = {isa = PBXBuildFile; fileRef = E763BFAB2016D05900681A98 /* Assets.xcassets */; };
		E763BFAF2016D05900681A98 /* LaunchScreen.storyboard in Resources */ = {isa = PBXBuildFile; fileRef = E763BFAD2016D05900681A98 /* LaunchScreen.storyboard */; };
		E763BFBA2016D05900681A98 /* Binary_CounterTests.swift in Sources */ = {isa = PBXBuildFile; fileRef = E763BFB92016D05900681A98 /* Binary_CounterTests.swift */; };
		E763BFC52016D05A00681A98 /* Binary_CounterUITests.swift in Sources */ = {isa = PBXBuildFile; fileRef = E763BFC42016D05A00681A98 /* Binary_CounterUITests.swift */; };
		E763BFD32016D54B00681A98 /* BinaryCell.swift in Sources */ = {isa = PBXBuildFile; fileRef = E763BFD22016D54B00681A98 /* BinaryCell.swift */; };
/* End PBXBuildFile section */

/* Begin PBXContainerItemProxy section */
		E763BFB62016D05900681A98 /* PBXContainerItemProxy */ = {
			isa = PBXContainerItemProxy;
			containerPortal = E763BF962016D05900681A98 /* Project object */;
			proxyType = 1;
			remoteGlobalIDString = E763BF9D2016D05900681A98;
			remoteInfo = "Binary Counter";
		};
		E763BFC12016D05A00681A98 /* PBXContainerItemProxy */ = {
			isa = PBXContainerItemProxy;
			containerPortal = E763BF962016D05900681A98 /* Project object */;
			proxyType = 1;
			remoteGlobalIDString = E763BF9D2016D05900681A98;
			remoteInfo = "Binary Counter";
		};
/* End PBXContainerItemProxy section */

/* Begin PBXFileReference section */
		E763BF9E2016D05900681A98 /* Binary Counter.app */ = {isa = PBXFileReference; explicitFileType = wrapper.application; includeInIndex = 0; path = "Binary Counter.app"; sourceTree = BUILT_PRODUCTS_DIR; };
		E763BFA12016D05900681A98 /* AppDelegate.swift */ = {isa = PBXFileReference; lastKnownFileType = sourcecode.swift; path = AppDelegate.swift; sourceTree = "<group>"; };
		E763BFA32016D05900681A98 /* ViewController.swift */ = {isa = PBXFileReference; lastKnownFileType = sourcecode.swift; path = ViewController.swift; sourceTree = "<group>"; };
		E763BFA62016D05900681A98 /* Base */ = {isa = PBXFileReference; lastKnownFileType = file.storyboard; name = Base; path = Base.lproj/Main.storyboard; sourceTree = "<group>"; };
		E763BFA92016D05900681A98 /* Binary_Counter.xcdatamodel */ = {isa = PBXFileReference; lastKnownFileType = wrapper.xcdatamodel; path = Binary_Counter.xcdatamodel; sourceTree = "<group>"; };
		E763BFAB2016D05900681A98 /* Assets.xcassets */ = {isa = PBXFileReference; lastKnownFileType = folder.assetcatalog; path = Assets.xcassets; sourceTree = "<group>"; };
		E763BFAE2016D05900681A98 /* Base */ = {isa = PBXFileReference; lastKnownFileType = file.storyboard; name = Base; path = Base.lproj/LaunchScreen.storyboard; sourceTree = "<group>"; };
		E763BFB02016D05900681A98 /* Info.plist */ = {isa = PBXFileReference; lastKnownFileType = text.plist.xml; path = Info.plist; sourceTree = "<group>"; };
		E763BFB52016D05900681A98 /* Binary CounterTests.xctest */ = {isa = PBXFileReference; explicitFileType = wrapper.cfbundle; includeInIndex = 0; path = "Binary CounterTests.xctest"; sourceTree = BUILT_PRODUCTS_DIR; };
		E763BFB92016D05900681A98 /* Binary_CounterTests.swift */ = {isa = PBXFileReference; lastKnownFileType = sourcecode.swift; path = Binary_CounterTests.swift; sourceTree = "<group>"; };
		E763BFBB2016D05900681A98 /* Info.plist */ = {isa = PBXFileReference; lastKnownFileType = text.plist.xml; path = Info.plist; sourceTree = "<group>"; };
		E763BFC02016D05A00681A98 /* Binary CounterUITests.xctest */ = {isa = PBXFileReference; explicitFileType = wrapper.cfbundle; includeInIndex = 0; path = "Binary CounterUITests.xctest"; sourceTree = BUILT_PRODUCTS_DIR; };
		E763BFC42016D05A00681A98 /* Binary_CounterUITests.swift */ = {isa = PBXFileReference; lastKnownFileType = sourcecode.swift; path = Binary_CounterUITests.swift; sourceTree = "<group>"; };
		E763BFC62016D05A00681A98 /* Info.plist */ = {isa = PBXFileReference; lastKnownFileType = text.plist.xml; path = Info.plist; sourceTree = "<group>"; };
		E763BFD22016D54B00681A98 /* BinaryCell.swift */ = {isa = PBXFileReference; lastKnownFileType = sourcecode.swift; path = BinaryCell.swift; sourceTree = "<group>"; };
/* End PBXFileReference section */

/* Begin PBXFrameworksBuildPhase section */
		E763BF9B2016D05900681A98 /* Frameworks */ = {
			isa = PBXFrameworksBuildPhase;
			buildActionMask = 2147483647;
			files = (
			);
			runOnlyForDeploymentPostprocessing = 0;
		};
		E763BFB22016D05900681A98 /* Frameworks */ = {
			isa = PBXFrameworksBuildPhase;
			buildActionMask = 2147483647;
			files = (
			);
			runOnlyForDeploymentPostprocessing = 0;
		};
		E763BFBD2016D05A00681A98 /* Frameworks */ = {
			isa = PBXFrameworksBuildPhase;
			buildActionMask = 2147483647;
			files = (
			);
			runOnlyForDeploymentPostprocessing = 0;
		};
/* End PBXFrameworksBuildPhase section */

/* Begin PBXGroup section */
		E763BF952016D05900681A98 = {
			isa = PBXGroup;
			children = (
				E763BFA02016D05900681A98 /* Binary Counter */,
				E763BFB82016D05900681A98 /* Binary CounterTests */,
				E763BFC32016D05A00681A98 /* Binary CounterUITests */,
				E763BF9F2016D05900681A98 /* Products */,
			);
			sourceTree = "<group>";
		};
		E763BF9F2016D05900681A98 /* Products */ = {
			isa = PBXGroup;
			children = (
				E763BF9E2016D05900681A98 /* Binary Counter.app */,
				E763BFB52016D05900681A98 /* Binary CounterTests.xctest */,
				E763BFC02016D05A00681A98 /* Binary CounterUITests.xctest */,
			);
			name = Products;
			sourceTree = "<group>";
		};
		E763BFA02016D05900681A98 /* Binary Counter */ = {
			isa = PBXGroup;
			children = (
				E763BFA12016D05900681A98 /* AppDelegate.swift */,
				E763BFD22016D54B00681A98 /* BinaryCell.swift */,
				E763BFA32016D05900681A98 /* ViewController.swift */,
				E763BFA52016D05900681A98 /* Main.storyboard */,
				E763BFAB2016D05900681A98 /* Assets.xcassets */,
				E763BFAD2016D05900681A98 /* LaunchScreen.storyboard */,
				E763BFB02016D05900681A98 /* Info.plist */,
				E763BFA82016D05900681A98 /* Binary_Counter.xcdatamodeld */,
			);
			path = "Binary Counter";
			sourceTree = "<group>";
		};
		E763BFB82016D05900681A98 /* Binary CounterTests */ = {
			isa = PBXGroup;
			children = (
				E763BFB92016D05900681A98 /* Binary_CounterTests.swift */,
				E763BFBB2016D05900681A98 /* Info.plist */,
			);
			path = "Binary CounterTests";
			sourceTree = "<group>";
		};
		E763BFC32016D05A00681A98 /* Binary CounterUITests */ = {
			isa = PBXGroup;
			children = (
				E763BFC42016D05A00681A98 /* Binary_CounterUITests.swift */,
				E763BFC62016D05A00681A98 /* Info.plist */,
			);
			path = "Binary CounterUITests";
			sourceTree = "<group>";
		};
/* End PBXGroup section */

/* Begin PBXNativeTarget section */
		E763BF9D2016D05900681A98 /* Binary Counter */ = {
			isa = PBXNativeTarget;
			buildConfigurationList = E763BFC92016D05A00681A98 /* Build configuration list for PBXNativeTarget "Binary Counter" */;
			buildPhases = (
				E763BF9A2016D05900681A98 /* Sources */,
				E763BF9B2016D05900681A98 /* Frameworks */,
				E763BF9C2016D05900681A98 /* Resources */,
			);
			buildRules = (
			);
			dependencies = (
			);
			name = "Binary Counter";
			productName = "Binary Counter";
			productReference = E763BF9E2016D05900681A98 /* Binary Counter.app */;
			productType = "com.apple.product-type.application";
		};
		E763BFB42016D05900681A98 /* Binary CounterTests */ = {
			isa = PBXNativeTarget;
			buildConfigurationList = E763BFCC2016D05A00681A98 /* Build configuration list for PBXNativeTarget "Binary CounterTests" */;
			buildPhases = (
				E763BFB12016D05900681A98 /* Sources */,
				E763BFB22016D05900681A98 /* Frameworks */,
				E763BFB32016D05900681A98 /* Resources */,
			);
			buildRules = (
			);
			dependencies = (
				E763BFB72016D05900681A98 /* PBXTargetDependency */,
			);
			name = "Binary CounterTests";
			productName = "Binary CounterTests";
			productReference = E763BFB52016D05900681A98 /* Binary CounterTests.xctest */;
			productType = "com.apple.product-type.bundle.unit-test";
		};
		E763BFBF2016D05A00681A98 /* Binary CounterUITests */ = {
			isa = PBXNativeTarget;
			buildConfigurationList = E763BFCF2016D05A00681A98 /* Build configuration list for PBXNativeTarget "Binary CounterUITests" */;
			buildPhases = (
				E763BFBC2016D05A00681A98 /* Sources */,
				E763BFBD2016D05A00681A98 /* Frameworks */,
				E763BFBE2016D05A00681A98 /* Resources */,
			);
			buildRules = (
			);
			dependencies = (
				E763BFC22016D05A00681A98 /* PBXTargetDependency */,
			);
			name = "Binary CounterUITests";
			productName = "Binary CounterUITests";
			productReference = E763BFC02016D05A00681A98 /* Binary CounterUITests.xctest */;
			productType = "com.apple.product-type.bundle.ui-testing";
		};
/* End PBXNativeTarget section */

/* Begin PBXProject section */
		E763BF962016D05900681A98 /* Project object */ = {
			isa = PBXProject;
			attributes = {
				LastSwiftUpdateCheck = 0920;
				LastUpgradeCheck = 0920;
				ORGANIZATIONNAME = "Noel Mendoza";
				TargetAttributes = {
					E763BF9D2016D05900681A98 = {
						CreatedOnToolsVersion = 9.2;
						ProvisioningStyle = Automatic;
					};
					E763BFB42016D05900681A98 = {
						CreatedOnToolsVersion = 9.2;
						ProvisioningStyle = Automatic;
						TestTargetID = E763BF9D2016D05900681A98;
					};
					E763BFBF2016D05A00681A98 = {
						CreatedOnToolsVersion = 9.2;
						ProvisioningStyle = Automatic;
						TestTargetID = E763BF9D2016D05900681A98;
					};
				};
			};
			buildConfigurationList = E763BF992016D05900681A98 /* Build configuration list for PBXProject "Binary Counter" */;
			compatibilityVersion = "Xcode 8.0";
			developmentRegion = en;
			hasScannedForEncodings = 0;
			knownRegions = (
				en,
				Base,
			);
			mainGroup = E763BF952016D05900681A98;
			productRefGroup = E763BF9F2016D05900681A98 /* Products */;
			projectDirPath = "";
			projectRoot = "";
			targets = (
				E763BF9D2016D05900681A98 /* Binary Counter */,
				E763BFB42016D05900681A98 /* Binary CounterTests */,
				E763BFBF2016D05A00681A98 /* Binary CounterUITests */,
			);
		};
/* End PBXProject section */

/* Begin PBXResourcesBuildPhase section */
		E763BF9C2016D05900681A98 /* Resources */ = {
			isa = PBXResourcesBuildPhase;
			buildActionMask = 2147483647;
			files = (
				E763BFAF2016D05900681A98 /* LaunchScreen.storyboard in Resources */,
				E763BFAC2016D05900681A98 /* Assets.xcassets in Resources */,
				E763BFA72016D05900681A98 /* Main.storyboard in Resources */,
			);
			runOnlyForDeploymentPostprocessing = 0;
		};
		E763BFB32016D05900681A98 /* Resources */ = {
			isa = PBXResourcesBuildPhase;
			buildActionMask = 2147483647;
			files = (
			);
			runOnlyForDeploymentPostprocessing = 0;
		};
		E763BFBE2016D05A00681A98 /* Resources */ = {
			isa = PBXResourcesBuildPhase;
			buildActionMask = 2147483647;
			files = (
			);
			runOnlyForDeploymentPostprocessing = 0;
		};
/* End PBXResourcesBuildPhase section */

/* Begin PBXSourcesBuildPhase section */
		E763BF9A2016D05900681A98 /* Sources */ = {
			isa = PBXSourcesBuildPhase;
			buildActionMask = 2147483647;
			files = (
				E763BFD32016D54B00681A98 /* BinaryCell.swift in Sources */,
				E763BFA42016D05900681A98 /* ViewController.swift in Sources */,
				E763BFA22016D05900681A98 /* AppDelegate.swift in Sources */,
				E763BFAA2016D05900681A98 /* Binary_Counter.xcdatamodeld in Sources */,
			);
			runOnlyForDeploymentPostprocessing = 0;
		};
		E763BFB12016D05900681A98 /* Sources */ = {
			isa = PBXSourcesBuildPhase;
			buildActionMask = 2147483647;
			files = (
				E763BFBA2016D05900681A98 /* Binary_CounterTests.swift in Sources */,
			);
			runOnlyForDeploymentPostprocessing = 0;
		};
		E763BFBC2016D05A00681A98 /* Sources */ = {
			isa = PBXSourcesBuildPhase;
			buildActionMask = 2147483647;
			files = (
				E763BFC52016D05A00681A98 /* Binary_CounterUITests.swift in Sources */,
			);
			runOnlyForDeploymentPostprocessing = 0;
		};
/* End PBXSourcesBuildPhase section */

/* Begin PBXTargetDependency section */
		E763BFB72016D05900681A98 /* PBXTargetDependency */ = {
			isa = PBXTargetDependency;
			target = E763BF9D2016D05900681A98 /* Binary Counter */;
			targetProxy = E763BFB62016D05900681A98 /* PBXContainerItemProxy */;
		};
		E763BFC22016D05A00681A98 /* PBXTargetDependency */ = {
			isa = PBXTargetDependency;
			target = E763BF9D2016D05900681A98 /* Binary Counter */;
			targetProxy = E763BFC12016D05A00681A98 /* PBXContainerItemProxy */;
		};
/* End PBXTargetDependency section */

/* Begin PBXVariantGroup section */
		E763BFA52016D05900681A98 /* Main.storyboard */ = {
			isa = PBXVariantGroup;
			children = (
				E763BFA62016D05900681A98 /* Base */,
			);
			name = Main.storyboard;
			sourceTree = "<group>";
		};
		E763BFAD2016D05900681A98 /* LaunchScreen.storyboard */ = {
			isa = PBXVariantGroup;
			children = (
				E763BFAE2016D05900681A98 /* Base */,
			);
			name = LaunchScreen.storyboard;
			sourceTree = "<group>";
		};
/* End PBXVariantGroup section */

/* Begin XCBuildConfiguration section */
		E763BFC72016D05A00681A98 /* Debug */ = {
			isa = XCBuildConfiguration;
			buildSettings = {
				ALWAYS_SEARCH_USER_PATHS = NO;
				CLANG_ANALYZER_NONNULL = YES;
				CLANG_ANALYZER_NUMBER_OBJECT_CONVERSION = YES_AGGRESSIVE;
				CLANG_CXX_LANGUAGE_STANDARD = "gnu++14";
				CLANG_CXX_LIBRARY = "libc++";
				CLANG_ENABLE_MODULES = YES;
				CLANG_ENABLE_OBJC_ARC = YES;
				CLANG_WARN_BLOCK_CAPTURE_AUTORELEASING = YES;
				CLANG_WARN_BOOL_CONVERSION = YES;
				CLANG_WARN_COMMA = YES;
				CLANG_WARN_CONSTANT_CONVERSION = YES;
				CLANG_WARN_DIRECT_OBJC_ISA_USAGE = YES_ERROR;
				CLANG_WARN_DOCUMENTATION_COMMENTS = YES;
				CLANG_WARN_EMPTY_BODY = YES;
				CLANG_WARN_ENUM_CONVERSION = YES;
				CLANG_WARN_INFINITE_RECURSION = YES;
				CLANG_WARN_INT_CONVERSION = YES;
				CLANG_WARN_NON_LITERAL_NULL_CONVERSION = YES;
				CLANG_WARN_OBJC_LITERAL_CONVERSION = YES;
				CLANG_WARN_OBJC_ROOT_CLASS = YES_ERROR;
				CLANG_WARN_RANGE_LOOP_ANALYSIS = YES;
				CLANG_WARN_STRICT_PROTOTYPES = YES;
				CLANG_WARN_SUSPICIOUS_MOVE = YES;
				CLANG_WARN_UNGUARDED_AVAILABILITY = YES_AGGRESSIVE;
				CLANG_WARN_UNREACHABLE_CODE = YES;
				CLANG_WARN__DUPLICATE_METHOD_MATCH = YES;
				CODE_SIGN_IDENTITY = "iPhone Developer";
				COPY_PHASE_STRIP = NO;
				DEBUG_INFORMATION_FORMAT = dwarf;
				ENABLE_STRICT_OBJC_MSGSEND = YES;
				ENABLE_TESTABILITY = YES;
				GCC_C_LANGUAGE_STANDARD = gnu11;
				GCC_DYNAMIC_NO_PIC = NO;
				GCC_NO_COMMON_BLOCKS = YES;
				GCC_OPTIMIZATION_LEVEL = 0;
				GCC_PREPROCESSOR_DEFINITIONS = (
					"DEBUG=1",
					"$(inherited)",
				);
				GCC_WARN_64_TO_32_BIT_CONVERSION = YES;
				GCC_WARN_ABOUT_RETURN_TYPE = YES_ERROR;
				GCC_WARN_UNDECLARED_SELECTOR = YES;
				GCC_WARN_UNINITIALIZED_AUTOS = YES_AGGRESSIVE;
				GCC_WARN_UNUSED_FUNCTION = YES;
				GCC_WARN_UNUSED_VARIABLE = YES;
				IPHONEOS_DEPLOYMENT_TARGET = 11.2;
				MTL_ENABLE_DEBUG_INFO = YES;
				ONLY_ACTIVE_ARCH = YES;
				SDKROOT = iphoneos;
				SWIFT_ACTIVE_COMPILATION_CONDITIONS = DEBUG;
				SWIFT_OPTIMIZATION_LEVEL = "-Onone";
			};
			name = Debug;
		};
		E763BFC82016D05A00681A98 /* Release */ = {
			isa = XCBuildConfiguration;
			buildSettings = {
				ALWAYS_SEARCH_USER_PATHS = NO;
				CLANG_ANALYZER_NONNULL = YES;
				CLANG_ANALYZER_NUMBER_OBJECT_CONVERSION = YES_AGGRESSIVE;
				CLANG_CXX_LANGUAGE_STANDARD = "gnu++14";
				CLANG_CXX_LIBRARY = "libc++";
				CLANG_ENABLE_MODULES = YES;
				CLANG_ENABLE_OBJC_ARC = YES;
				CLANG_WARN_BLOCK_CAPTURE_AUTORELEASING = YES;
				CLANG_WARN_BOOL_CONVERSION = YES;
				CLANG_WARN_COMMA = YES;
				CLANG_WARN_CONSTANT_CONVERSION = YES;
				CLANG_WARN_DIRECT_OBJC_ISA_USAGE = YES_ERROR;
				CLANG_WARN_DOCUMENTATION_COMMENTS = YES;
				CLANG_WARN_EMPTY_BODY = YES;
				CLANG_WARN_ENUM_CONVERSION = YES;
				CLANG_WARN_INFINITE_RECURSION = YES;
				CLANG_WARN_INT_CONVERSION = YES;
				CLANG_WARN_NON_LITERAL_NULL_CONVERSION = YES;
				CLANG_WARN_OBJC_LITERAL_CONVERSION = YES;
				CLANG_WARN_OBJC_ROOT_CLASS = YES_ERROR;
				CLANG_WARN_RANGE_LOOP_ANALYSIS = YES;
				CLANG_WARN_STRICT_PROTOTYPES = YES;
				CLANG_WARN_SUSPICIOUS_MOVE = YES;
				CLANG_WARN_UNGUARDED_AVAILABILITY = YES_AGGRESSIVE;
				CLANG_WARN_UNREACHABLE_CODE = YES;
				CLANG_WARN__DUPLICATE_METHOD_MATCH = YES;
				CODE_SIGN_IDENTITY = "iPhone Developer";
				COPY_PHASE_STRIP = NO;
				DEBUG_INFORMATION_FORMAT = "dwarf-with-dsym";
				ENABLE_NS_ASSERTIONS = NO;
				ENABLE_STRICT_OBJC_MSGSEND = YES;
				GCC_C_LANGUAGE_STANDARD = gnu11;
				GCC_NO_COMMON_BLOCKS = YES;
				GCC_WARN_64_TO_32_BIT_CONVERSION = YES;
				GCC_WARN_ABOUT_RETURN_TYPE = YES_ERROR;
				GCC_WARN_UNDECLARED_SELECTOR = YES;
				GCC_WARN_UNINITIALIZED_AUTOS = YES_AGGRESSIVE;
				GCC_WARN_UNUSED_FUNCTION = YES;
				GCC_WARN_UNUSED_VARIABLE = YES;
				IPHONEOS_DEPLOYMENT_TARGET = 11.2;
				MTL_ENABLE_DEBUG_INFO = NO;
				SDKROOT = iphoneos;
				SWIFT_OPTIMIZATION_LEVEL = "-Owholemodule";
				VALIDATE_PRODUCT = YES;
			};
			name = Release;
		};
		E763BFCA2016D05A00681A98 /* Debug */ = {
			isa = XCBuildConfiguration;
			buildSettings = {
				ASSETCATALOG_COMPILER_APPICON_NAME = AppIcon;
				CODE_SIGN_STYLE = Automatic;
				DEVELOPMENT_TEAM = 5MQS3M2CY5;
				INFOPLIST_FILE = "Binary Counter/Info.plist";
				LD_RUNPATH_SEARCH_PATHS = "$(inherited) @executable_path/Frameworks";
				PRODUCT_BUNDLE_IDENTIFIER = "Coding-Dojo.Binary-Counter";
				PRODUCT_NAME = "$(TARGET_NAME)";
				SWIFT_VERSION = 4.0;
				TARGETED_DEVICE_FAMILY = "1,2";
			};
			name = Debug;
		};
		E763BFCB2016D05A00681A98 /* Release */ = {
			isa = XCBuildConfiguration;
			buildSettings = {
				ASSETCATALOG_COMPILER_APPICON_NAME = AppIcon;
				CODE_SIGN_STYLE = Automatic;
				DEVELOPMENT_TEAM = 5MQS3M2CY5;
				INFOPLIST_FILE = "Binary Counter/Info.plist";
				LD_RUNPATH_SEARCH_PATHS = "$(inherited) @executable_path/Frameworks";
				PRODUCT_BUNDLE_IDENTIFIER = "Coding-Dojo.Binary-Counter";
				PRODUCT_NAME = "$(TARGET_NAME)";
				SWIFT_VERSION = 4.0;
				TARGETED_DEVICE_FAMILY = "1,2";
			};
			name = Release;
		};
		E763BFCD2016D05A00681A98 /* Debug */ = {
			isa = XCBuildConfiguration;
			buildSettings = {
				ALWAYS_EMBED_SWIFT_STANDARD_LIBRARIES = YES;
				BUNDLE_LOADER = "$(TEST_HOST)";
				CODE_SIGN_STYLE = Automatic;
				DEVELOPMENT_TEAM = 5MQS3M2CY5;
				INFOPLIST_FILE = "Binary CounterTests/Info.plist";
				LD_RUNPATH_SEARCH_PATHS = "$(inherited) @executable_path/Frameworks @loader_path/Frameworks";
				PRODUCT_BUNDLE_IDENTIFIER = "Coding-Dojo.Binary-CounterTests";
				PRODUCT_NAME = "$(TARGET_NAME)";
				SWIFT_VERSION = 4.0;
				TARGETED_DEVICE_FAMILY = "1,2";
				TEST_HOST = "$(BUILT_PRODUCTS_DIR)/Binary Counter.app/Binary Counter";
			};
			name = Debug;
		};
		E763BFCE2016D05A00681A98 /* Release */ = {
			isa = XCBuildConfiguration;
			buildSettings = {
				ALWAYS_EMBED_SWIFT_STANDARD_LIBRARIES = YES;
				BUNDLE_LOADER = "$(TEST_HOST)";
				CODE_SIGN_STYLE = Automatic;
				DEVELOPMENT_TEAM = 5MQS3M2CY5;
				INFOPLIST_FILE = "Binary CounterTests/Info.plist";
				LD_RUNPATH_SEARCH_PATHS = "$(inherited) @executable_path/Frameworks @loader_path/Frameworks";
				PRODUCT_BUNDLE_IDENTIFIER = "Coding-Dojo.Binary-CounterTests";
				PRODUCT_NAME = "$(TARGET_NAME)";
				SWIFT_VERSION = 4.0;
				TARGETED_DEVICE_FAMILY = "1,2";
				TEST_HOST = "$(BUILT_PRODUCTS_DIR)/Binary Counter.app/Binary Counter";
			};
			name = Release;
		};
		E763BFD02016D05A00681A98 /* Debug */ = {
			isa = XCBuildConfiguration;
			buildSettings = {
				ALWAYS_EMBED_SWIFT_STANDARD_LIBRARIES = YES;
				CODE_SIGN_STYLE = Automatic;
				DEVELOPMENT_TEAM = 5MQS3M2CY5;
				INFOPLIST_FILE = "Binary CounterUITests/Info.plist";
				LD_RUNPATH_SEARCH_PATHS = "$(inherited) @executable_path/Frameworks @loader_path/Frameworks";
				PRODUCT_BUNDLE_IDENTIFIER = "Coding-Dojo.Binary-CounterUITests";
				PRODUCT_NAME = "$(TARGET_NAME)";
				SWIFT_VERSION = 4.0;
				TARGETED_DEVICE_FAMILY = "1,2";
				TEST_TARGET_NAME = "Binary Counter";
			};
			name = Debug;
		};
		E763BFD12016D05A00681A98 /* Release */ = {
			isa = XCBuildConfiguration;
			buildSettings = {
				ALWAYS_EMBED_SWIFT_STANDARD_LIBRARIES = YES;
				CODE_SIGN_STYLE = Automatic;
				DEVELOPMENT_TEAM = 5MQS3M2CY5;
				INFOPLIST_FILE = "Binary CounterUITests/Info.plist";
				LD_RUNPATH_SEARCH_PATHS = "$(inherited) @executable_path/Frameworks @loader_path/Frameworks";
				PRODUCT_BUNDLE_IDENTIFIER = "Coding-Dojo.Binary-CounterUITests";
				PRODUCT_NAME = "$(TARGET_NAME)";
				SWIFT_VERSION = 4.0;
				TARGETED_DEVICE_FAMILY = "1,2";
				TEST_TARGET_NAME = "Binary Counter";
			};
			name = Release;
		};
/* End XCBuildConfiguration section */

/* Begin XCConfigurationList section */
		E763BF992016D05900681A98 /* Build configuration list for PBXProject "Binary Counter" */ = {
			isa = XCConfigurationList;
			buildConfigurations = (
				E763BFC72016D05A00681A98 /* Debug */,
				E763BFC82016D05A00681A98 /* Release */,
			);
			defaultConfigurationIsVisible = 0;
			defaultConfigurationName = Release;
		};
		E763BFC92016D05A00681A98 /* Build configuration list for PBXNativeTarget "Binary Counter" */ = {
			isa = XCConfigurationList;
			buildConfigurations = (
				E763BFCA2016D05A00681A98 /* Debug */,
				E763BFCB2016D05A00681A98 /* Release */,
			);
			defaultConfigurationIsVisible = 0;
			defaultConfigurationName = Release;
		};
		E763BFCC2016D05A00681A98 /* Build configuration list for PBXNativeTarget "Binary CounterTests" */ = {
			isa = XCConfigurationList;
			buildConfigurations = (
				E763BFCD2016D05A00681A98 /* Debug */,
				E763BFCE2016D05A00681A98 /* Release */,
			);
			defaultConfigurationIsVisible = 0;
			defaultConfigurationName = Release;
		};
		E763BFCF2016D05A00681A98 /* Build configuration list for PBXNativeTarget "Binary CounterUITests" */ = {
			isa = XCConfigurationList;
			buildConfigurations = (
				E763BFD02016D05A00681A98 /* Debug */,
				E763BFD12016D05A00681A98 /* Release */,
			);
			defaultConfigurationIsVisible = 0;
			defaultConfigurationName = Release;
		};
/* End XCConfigurationList section */

/* Begin XCVersionGroup section */
		E763BFA82016D05900681A98 /* Binary_Counter.xcdatamodeld */ = {
			isa = XCVersionGroup;
			children = (
				E763BFA92016D05900681A98 /* Binary_Counter.xcdatamodel */,
			);
			currentVersion = E763BFA92016D05900681A98 /* Binary_Counter.xcdatamodel */;
			path = Binary_Counter.xcdatamodeld;
			sourceTree = "<group>";
			versionGroupType = wrapper.xcdatamodel;
		};
/* End XCVersionGroup section */
	};
	rootObject = E763BF962016D05900681A98 /* Project object */;
}
